
Microsoft Visual Studio Solution File, Format Version 12.00
# Visual Studio 2012
Project("{FAE04EC0-301F-11D3-BF4B-00C04F79EFBC}") = "CRS_DAL", "CRS_DAL\CRS_DAL.csproj", "{DE4B24BA-5DCD-4D45-8458-DF0BD1B16E4A}"
EndProject
Project("{FAE04EC0-301F-11D3-BF4B-00C04F79EFBC}") = "CRS_DM", "CRS_DM\CRS_DM.csproj", "{4AC31D05-3220-4E18-9A9D-60305331711E}"
EndProject
Project("{FAE04EC0-301F-11D3-BF4B-00C04F79EFBC}") = "CRS_BL", "CRS_BL\CRS_BL.csproj", "{1B5E7572-342B-4981-AA10-85709706F90C}"
EndProject
Project("{FAE04EC0-301F-11D3-BF4B-00C04F79EFBC}") = "CRS_PL", "CRS_PL\CRS_PL.csproj", "{48DEE220-D581-4463-84F3-99137E2490BD}"
EndProject
Project("{FAE04EC0-301F-11D3-BF4B-00C04F79EFBC}") = "CRS_COMMON", "CRS_COMMON\CRS_COMMON.csproj", "{EBB99BD3-A506-4FC6-AE03-D1DA6876E3CC}"
EndProject
Project("{FAE04EC0-301F-11D3-BF4B-00C04F79EFBC}") = "UnitTest", "UnitTest\UnitTest.csproj", "{BE48B5D9-706D-45EC-A7BE-DEF90943AD6D}"
EndProject
Global
	GlobalSection(SolutionConfigurationPlatforms) = preSolution
		Debug|Any CPU = Debug|Any CPU
		Release|Any CPU = Release|Any CPU
	EndGlobalSection
	GlobalSection(ProjectConfigurationPlatforms) = postSolution
		{DE4B24BA-5DCD-4D45-8458-DF0BD1B16E4A}.Debug|Any CPU.ActiveCfg = Debug|Any CPU
		{DE4B24BA-5DCD-4D45-8458-DF0BD1B16E4A}.Debug|Any CPU.Build.0 = Debug|Any CPU
		{DE4B24BA-5DCD-4D45-8458-DF0BD1B16E4A}.Release|Any CPU.ActiveCfg = Release|Any CPU
		{DE4B24BA-5DCD-4D45-8458-DF0BD1B16E4A}.Release|Any CPU.Build.0 = Release|Any CPU
		{4AC31D05-3220-4E18-9A9D-60305331711E}.Debug|Any CPU.ActiveCfg = Debug|Any CPU
		{4AC31D05-3220-4E18-9A9D-60305331711E}.Debug|Any CPU.Build.0 = Debug|Any CPU
		{4AC31D05-3220-4E18-9A9D-60305331711E}.Release|Any CPU.ActiveCfg = Release|Any CPU
		{4AC31D05-3220-4E18-9A9D-60305331711E}.Release|Any CPU.Build.0 = Release|Any CPU
		{1B5E7572-342B-4981-AA10-85709706F90C}.Debug|Any CPU.ActiveCfg = Debug|Any CPU
		{1B5E7572-342B-4981-AA10-85709706F90C}.Debug|Any CPU.Build.0 = Debug|Any CPU
		{1B5E7572-342B-4981-AA10-85709706F90C}.Release|Any CPU.ActiveCfg = Release|Any CPU
		{1B5E7572-342B-4981-AA10-85709706F90C}.Release|Any CPU.Build.0 = Release|Any CPU
		{48DEE220-D581-4463-84F3-99137E2490BD}.Debug|Any CPU.ActiveCfg = Debug|Any CPU
		{48DEE220-D581-4463-84F3-99137E2490BD}.Debug|Any CPU.Build.0 = Debug|Any CPU
		{48DEE220-D581-4463-84F3-99137E2490BD}.Release|Any CPU.ActiveCfg = Release|Any CPU
		{48DEE220-D581-4463-84F3-99137E2490BD}.Release|Any CPU.Build.0 = Release|Any CPU
		{EBB99BD3-A506-4FC6-AE03-D1DA6876E3CC}.Debug|Any CPU.ActiveCfg = Debug|Any CPU
		{EBB99BD3-A506-4FC6-AE03-D1DA6876E3CC}.Debug|Any CPU.Build.0 = Debug|Any CPU
		{EBB99BD3-A506-4FC6-AE03-D1DA6876E3CC}.Release|Any CPU.ActiveCfg = Release|Any CPU
		{EBB99BD3-A506-4FC6-AE03-D1DA6876E3CC}.Release|Any CPU.Build.0 = Release|Any CPU
		{BE48B5D9-706D-45EC-A7BE-DEF90943AD6D}.Debug|Any CPU.ActiveCfg = Debug|Any CPU
		{BE48B5D9-706D-45EC-A7BE-DEF90943AD6D}.Debug|Any CPU.Build.0 = Debug|Any CPU
		{BE48B5D9-706D-45EC-A7BE-DEF90943AD6D}.Release|Any CPU.ActiveCfg = Release|Any CPU
		{BE48B5D9-706D-45EC-A7BE-DEF90943AD6D}.Release|Any CPU.Build.0 = Release|Any CPU
	EndGlobalSection
	GlobalSection(SolutionProperties) = preSolution
		HideSolutionNode = FALSE
	EndGlobalSection
EndGlobal
